// !$*UTF8*$!
{
	archiveVersion = 1;
	classes = {
	};
	objectVersion = 56;
	objects = {

/* Begin PBXBuildFile section */
		A8939F256C074B0CADA30960 /* ZotifyStudioApp.swift in Sources */ = {isa = PBXBuildFile; fileRef = 8581696AB5AD48E58B4EDC25 /* ZotifyStudioApp.swift */; };
		8067ED8A0DEF4A519FDE99E2 /* ContentView.swift in Sources */ = {isa = PBXBuildFile; fileRef = 5924597A4D044196B2CD34D8 /* ContentView.swift */; };
		DCD6E2CC0E324BC29141226B /* AppPaths.swift in Sources */ = {isa = PBXBuildFile; fileRef = 854CC6B567214651AC81CC8B /* AppPaths.swift */; };
		9ACC2F6BF4364A3C888B0FC6 /* Models.swift in Sources */ = {isa = PBXBuildFile; fileRef = B8FD5F9839FA4315AC123E36 /* Models.swift */; };
		F4443D1962BE4693AB7C987F /* AppStore.swift in Sources */ = {isa = PBXBuildFile; fileRef = 13716CF0AA2747809054C661 /* AppStore.swift */; };
		DA66D20ECCA042D0AC522B7B /* ZotifyCLI.swift in Sources */ = {isa = PBXBuildFile; fileRef = 07888CC4313843BD85D68385 /* ZotifyCLI.swift */; };
		48EF2940EB4C44679FCBCD26 /* DownloadService.swift in Sources */ = {isa = PBXBuildFile; fileRef = 333CEB835A8143A4AE1EBF6F /* DownloadService.swift */; };
		59EBE042C603458481CB2707 /* DownloadView.swift in Sources */ = {isa = PBXBuildFile; fileRef = 04CD267C7BEB487ABCE321AC /* DownloadView.swift */; };
		C8C8FEF52BD24F098CB39266 /* PlaylistsView.swift in Sources */ = {isa = PBXBuildFile; fileRef = 3E52FF0B176D4EB2BB3D5026 /* PlaylistsView.swift */; };
		9B6D03A50BCD4C5298876114 /* SettingsView.swift in Sources */ = {isa = PBXBuildFile; fileRef = 99684850B87A419EA4DA2E68 /* SettingsView.swift */; };
		E7D878910F0D4DCEB4D6E6E0 /* AboutView.swift in Sources */ = {isa = PBXBuildFile; fileRef = 232F3203D3ED4E0EA8299A39 /* AboutView.swift */; };

		0D6C410D7AA24432BC393F37 /* UITestHelpers.swift in Sources */ = {isa = PBXBuildFile; fileRef = 2D529DF3F1AD48D09649F526 /* UITestHelpers.swift */; };
		AF381BAF30834C2C93AA418C /* GetMusicUITests.swift in Sources */ = {isa = PBXBuildFile; fileRef = 33459083D4D74580AD60B721 /* GetMusicUITests.swift */; };
		F4661E15209A44AB97296CBE /* ProgressCancelUITests.swift in Sources */ = {isa = PBXBuildFile; fileRef = 850B887BA4E24BCDBE3348B0 /* ProgressCancelUITests.swift */; };
		C550AF257DFE4647B7E719B2 /* PreferencesUITests.swift in Sources */ = {isa = PBXBuildFile; fileRef = 1B99876D8432475AB80CB628 /* PreferencesUITests.swift */; };
		6A1564C9AB624DD38EE25CBA /* PlaylistsUITests.swift in Sources */ = {isa = PBXBuildFile; fileRef = F8BB92164C78416D8004A9E7 /* PlaylistsUITests.swift */; };
		33A3A0124FC141279CA08240 /* AuthUITests.swift in Sources */ = {isa = PBXBuildFile; fileRef = 0FF73FD57F87493AB39F5E31 /* AuthUITests.swift */; };
/* End PBXBuildFile section */

/* Begin PBXFileReference section */
		DC12FF22C64C4A8CA833C704 /* OzDownloader.app */ = {isa = PBXFileReference; explicitFileType = wrapper.application; includeInIndex = 0; path = OzDownloader.app; sourceTree = BUILT_PRODUCTS_DIR; };
		8581696AB5AD48E58B4EDC25 /* ZotifyStudioApp.swift */ = {isa = PBXFileReference; lastKnownFileType = sourcecode.swift; path = ZotifyStudioApp.swift; sourceTree = "<group>"; };
		5924597A4D044196B2CD34D8 /* ContentView.swift */ = {isa = PBXFileReference; lastKnownFileType = sourcecode.swift; path = ContentView.swift; sourceTree = "<group>"; };
		BC52358D575F40BF80ED5A28 /* Info.plist */ = {isa = PBXFileReference; lastKnownFileType = text.plist.xml; path = Info.plist; sourceTree = "<group>"; };
		854CC6B567214651AC81CC8B /* AppPaths.swift */ = {isa = PBXFileReference; lastKnownFileType = sourcecode.swift; path = AppPaths.swift; sourceTree = "<group>"; };
		B8FD5F9839FA4315AC123E36 /* Models.swift */ = {isa = PBXFileReference; lastKnownFileType = sourcecode.swift; path = Models.swift; sourceTree = "<group>"; };
		13716CF0AA2747809054C661 /* AppStore.swift */ = {isa = PBXFileReference; lastKnownFileType = sourcecode.swift; path = AppStore.swift; sourceTree = "<group>"; };
		07888CC4313843BD85D68385 /* ZotifyCLI.swift */ = {isa = PBXFileReference; lastKnownFileType = sourcecode.swift; path = ZotifyCLI.swift; sourceTree = "<group>"; };
		333CEB835A8143A4AE1EBF6F /* DownloadService.swift */ = {isa = PBXFileReference; lastKnownFileType = sourcecode.swift; path = DownloadService.swift; sourceTree = "<group>"; };
		04CD267C7BEB487ABCE321AC /* DownloadView.swift */ = {isa = PBXFileReference; lastKnownFileType = sourcecode.swift; path = DownloadView.swift; sourceTree = "<group>"; };
		3E52FF0B176D4EB2BB3D5026 /* PlaylistsView.swift */ = {isa = PBXFileReference; lastKnownFileType = sourcecode.swift; path = PlaylistsView.swift; sourceTree = "<group>"; };
		99684850B87A419EA4DA2E68 /* SettingsView.swift */ = {isa = PBXFileReference; lastKnownFileType = sourcecode.swift; path = SettingsView.swift; sourceTree = "<group>"; };
		232F3203D3ED4E0EA8299A39 /* AboutView.swift */ = {isa = PBXFileReference; lastKnownFileType = sourcecode.swift; path = AboutView.swift; sourceTree = "<group>"; };

		2D529DF3F1AD48D09649F526 /* UITestHelpers.swift */ = {isa = PBXFileReference; lastKnownFileType = sourcecode.swift; path = UITestHelpers.swift; sourceTree = "<group>"; };
		33459083D4D74580AD60B721 /* GetMusicUITests.swift */ = {isa = PBXFileReference; lastKnownFileType = sourcecode.swift; path = GetMusicUITests.swift; sourceTree = "<group>"; };
		850B887BA4E24BCDBE3348B0 /* ProgressCancelUITests.swift */ = {isa = PBXFileReference; lastKnownFileType = sourcecode.swift; path = ProgressCancelUITests.swift; sourceTree = "<group>"; };
		1B99876D8432475AB80CB628 /* PreferencesUITests.swift */ = {isa = PBXFileReference; lastKnownFileType = sourcecode.swift; path = PreferencesUITests.swift; sourceTree = "<group>"; };
		F8BB92164C78416D8004A9E7 /* PlaylistsUITests.swift */ = {isa = PBXFileReference; lastKnownFileType = sourcecode.swift; path = PlaylistsUITests.swift; sourceTree = "<group>"; };
		0FF73FD57F87493AB39F5E31 /* AuthUITests.swift */ = {isa = PBXFileReference; lastKnownFileType = sourcecode.swift; path = AuthUITests.swift; sourceTree = "<group>"; };
		E9C6A55F738F49859E055CD1 /* ZotifyStudioUITests.xctest */ = {isa = PBXFileReference; explicitFileType = wrapper.cfbundle; includeInIndex = 0; path = ZotifyStudioUITests.xctest; sourceTree = BUILT_PRODUCTS_DIR; };
/* End PBXFileReference section */

/* Begin PBXFrameworksBuildPhase section */
		213A57A2ACB847DFB29B9F77 /* Frameworks */ = {
			isa = PBXFrameworksBuildPhase;
			buildActionMask = 2147483647;
			files = (
			);
			runOnlyForDeploymentPostprocessing = 0;
		};

		2518DB54A31C4D6E8924244E /* Frameworks */ = {
			isa = PBXFrameworksBuildPhase;
			buildActionMask = 2147483647;
			files = (
			);
			runOnlyForDeploymentPostprocessing = 0;
		};
/* End PBXFrameworksBuildPhase section */

/* Begin PBXGroup section */
		D1210B7EC5084707AF01FBB5 = {
			isa = PBXGroup;
			children = (
				E216D860E0564D3CAB6B3422 /* ZotifyStudio */,
				A2F2C3C2857942C191037F76 /* ZotifyStudioUITests */,
				B0E6A8FD622C4303965ABDB4 /* Products */,
			);
			sourceTree = "<group>";
		};
		B0E6A8FD622C4303965ABDB4 /* Products */ = {
			isa = PBXGroup;
			children = (
				DC12FF22C64C4A8CA833C704 /* OzDownloader.app */,
				E9C6A55F738F49859E055CD1 /* ZotifyStudioUITests.xctest */,
			);
			name = Products;
			sourceTree = "<group>";
		};
		E216D860E0564D3CAB6B3422 /* ZotifyStudio */ = {
			isa = PBXGroup;
			children = (
				8581696AB5AD48E58B4EDC25 /* ZotifyStudioApp.swift */,
				5924597A4D044196B2CD34D8 /* ContentView.swift */,
				BC52358D575F40BF80ED5A28 /* Info.plist */,
				7D1FB02CE5294B418C3F1CE8 /* Models */,
				677E002B36CE4502947239FD /* Services */,
				5BFF11090DDF4359BFF46D26 /* Views */,
			);
			path = ZotifyStudio;
			sourceTree = "<group>";
		};
		7D1FB02CE5294B418C3F1CE8 /* Models */ = {
			isa = PBXGroup;
			children = (
				854CC6B567214651AC81CC8B /* AppPaths.swift */,
				B8FD5F9839FA4315AC123E36 /* Models.swift */,
			);
			path = Models;
			sourceTree = "<group>";
		};
		677E002B36CE4502947239FD /* Services */ = {
			isa = PBXGroup;
			children = (
				13716CF0AA2747809054C661 /* AppStore.swift */,
				07888CC4313843BD85D68385 /* ZotifyCLI.swift */,
				333CEB835A8143A4AE1EBF6F /* DownloadService.swift */,
			);
			path = Services;
			sourceTree = "<group>";
		};
		5BFF11090DDF4359BFF46D26 /* Views */ = {
			isa = PBXGroup;
			children = (
				04CD267C7BEB487ABCE321AC /* DownloadView.swift */,
				3E52FF0B176D4EB2BB3D5026 /* PlaylistsView.swift */,
				99684850B87A419EA4DA2E68 /* SettingsView.swift */,
				232F3203D3ED4E0EA8299A39 /* AboutView.swift */,
			);
			path = Views;
			sourceTree = "<group>";
		};

		A2F2C3C2857942C191037F76 /* ZotifyStudioUITests */ = {
			isa = PBXGroup;
			children = (
				2D529DF3F1AD48D09649F526 /* UITestHelpers.swift */,
				33459083D4D74580AD60B721 /* GetMusicUITests.swift */,
				850B887BA4E24BCDBE3348B0 /* ProgressCancelUITests.swift */,
				1B99876D8432475AB80CB628 /* PreferencesUITests.swift */,
				F8BB92164C78416D8004A9E7 /* PlaylistsUITests.swift */,
				0FF73FD57F87493AB39F5E31 /* AuthUITests.swift */,
			);
			path = ZotifyStudioUITests;
			sourceTree = "<group>";
		};
/* End PBXGroup section */

/* Begin PBXNativeTarget section */
		66165559CF274B0EA70B9ED9 /* ZotifyStudio */ = {
			isa = PBXNativeTarget;
			buildConfigurationList = 61EBE855DAE04769917D8F02 /* Build configuration list for PBXNativeTarget "ZotifyStudio" */;
			buildPhases = (
				9BF255B8745C42CBB503588B /* Sources */,
				213A57A2ACB847DFB29B9F77 /* Frameworks */,
				5343E2D806D841988A626360 /* Resources */,
			);
			buildRules = (
			);
			dependencies = (
			);
			name = ZotifyStudio;
			productName = ZotifyStudio;
			productReference = DC12FF22C64C4A8CA833C704 /* OzDownloader.app */;
			productType = "com.apple.product-type.application";
		};

		382CA3A8776A4157B5C9D8B1 /* ZotifyStudioUITests */ = {
			isa = PBXNativeTarget;
			buildConfigurationList = 7562656E8C2041C48DC12A06 /* Build configuration list for PBXNativeTarget "ZotifyStudioUITests" */;
			buildPhases = (
				15A753AAE07B43D19A7E1AB5 /* Sources */,
				2518DB54A31C4D6E8924244E /* Frameworks */,
				24A42890027F422189781725 /* Resources */,
			);
			buildRules = (
			);
			dependencies = (
				2F934E4AA2774C5091F2F205 /* PBXTargetDependency */,
			);
			name = ZotifyStudioUITests;
			productName = ZotifyStudioUITests;
			productReference = E9C6A55F738F49859E055CD1 /* ZotifyStudioUITests.xctest */;
			productType = "com.apple.product-type.bundle.ui-testing";
		};
/* End PBXNativeTarget section */

/* Begin PBXContainerItemProxy section */

		226E9E37B8624FEB91234730 /* PBXContainerItemProxy */ = {
			isa = PBXContainerItemProxy;
			containerPortal = 345BCFABDA6A4BA8B438CCBE /* Project object */;
			proxyType = 1;
			remoteGlobalIDString = 66165559CF274B0EA70B9ED9;
			remoteInfo = ZotifyStudio;
		};
/* End PBXContainerItemProxy section */

/* Begin PBXTargetDependency section */

		2F934E4AA2774C5091F2F205 /* PBXTargetDependency */ = {
			isa = PBXTargetDependency;
			target = 66165559CF274B0EA70B9ED9 /* ZotifyStudio */;
			targetProxy = 226E9E37B8624FEB91234730 /* PBXContainerItemProxy */;
		};
/* End PBXTargetDependency section */


/* Begin PBXProject section */
		345BCFABDA6A4BA8B438CCBE /* Project object */ = {
			isa = PBXProject;
			attributes = {
				BuildIndependentTargetsInParallel = 1;
				LastSwiftUpdateCheck = 1500;
				LastUpgradeCheck = 1500;
				TargetAttributes = {
					382CA3A8776A4157B5C9D8B1 = {
						CreatedOnToolsVersion = 15.0;
						TestTargetID = 66165559CF274B0EA70B9ED9;
					};
					66165559CF274B0EA70B9ED9 = {
						CreatedOnToolsVersion = 15.0;
					};
				};
			};
			buildConfigurationList = 96686701AD004A37A6EB4A0D /* Build configuration list for PBXProject "ZotifyStudio" */;
			compatibilityVersion = "Xcode 14.0";
			developmentRegion = en;
			hasScannedForEncodings = 0;
			knownRegions = (
				en,
				Base,
			);
			mainGroup = D1210B7EC5084707AF01FBB5;
			productRefGroup = B0E6A8FD622C4303965ABDB4 /* Products */;
			projectDirPath = "";
			projectRoot = "";
			targets = (
				66165559CF274B0EA70B9ED9 /* ZotifyStudio */,
				382CA3A8776A4157B5C9D8B1 /* ZotifyStudioUITests */,
			);
		};
/* End PBXProject section */

/* Begin PBXResourcesBuildPhase section */
		5343E2D806D841988A626360 /* Resources */ = {
			isa = PBXResourcesBuildPhase;
			buildActionMask = 2147483647;
			files = (
			);
			runOnlyForDeploymentPostprocessing = 0;
		};

		24A42890027F422189781725 /* Resources */ = {
			isa = PBXResourcesBuildPhase;
			buildActionMask = 2147483647;
			files = (
			);
			runOnlyForDeploymentPostprocessing = 0;
		};
/* End PBXResourcesBuildPhase section */

/* Begin PBXSourcesBuildPhase section */
		9BF255B8745C42CBB503588B /* Sources */ = {
			isa = PBXSourcesBuildPhase;
			buildActionMask = 2147483647;
			files = (
				A8939F256C074B0CADA30960 /* ZotifyStudioApp.swift in Sources */,
				8067ED8A0DEF4A519FDE99E2 /* ContentView.swift in Sources */,
				DCD6E2CC0E324BC29141226B /* AppPaths.swift in Sources */,
				9ACC2F6BF4364A3C888B0FC6 /* Models.swift in Sources */,
				F4443D1962BE4693AB7C987F /* AppStore.swift in Sources */,
				DA66D20ECCA042D0AC522B7B /* ZotifyCLI.swift in Sources */,
				48EF2940EB4C44679FCBCD26 /* DownloadService.swift in Sources */,
				59EBE042C603458481CB2707 /* DownloadView.swift in Sources */,
				C8C8FEF52BD24F098CB39266 /* PlaylistsView.swift in Sources */,
				9B6D03A50BCD4C5298876114 /* SettingsView.swift in Sources */,
				E7D878910F0D4DCEB4D6E6E0 /* AboutView.swift in Sources */,
			);
			runOnlyForDeploymentPostprocessing = 0;
		};

		15A753AAE07B43D19A7E1AB5 /* Sources */ = {
			isa = PBXSourcesBuildPhase;
			buildActionMask = 2147483647;
			files = (
				0D6C410D7AA24432BC393F37 /* UITestHelpers.swift in Sources */,
				AF381BAF30834C2C93AA418C /* GetMusicUITests.swift in Sources */,
				F4661E15209A44AB97296CBE /* ProgressCancelUITests.swift in Sources */,
				C550AF257DFE4647B7E719B2 /* PreferencesUITests.swift in Sources */,
				6A1564C9AB624DD38EE25CBA /* PlaylistsUITests.swift in Sources */,
				33A3A0124FC141279CA08240 /* AuthUITests.swift in Sources */,
			);
			runOnlyForDeploymentPostprocessing = 0;
		};
/* End PBXSourcesBuildPhase section */

/* Begin XCBuildConfiguration section */
		67DEED6AC1954BCABF8D29BB /* Debug */ = {
			isa = XCBuildConfiguration;
			buildSettings = {
				ALWAYS_SEARCH_USER_PATHS = NO;
				CLANG_ENABLE_MODULES = YES;
				COPY_PHASE_STRIP = NO;
				DEBUG_INFORMATION_FORMAT = dwarf;
				GCC_DYNAMIC_NO_PIC = NO;
				MACOSX_DEPLOYMENT_TARGET = 13.0;
				ONLY_ACTIVE_ARCH = YES;
				SDKROOT = macosx;
				SWIFT_ACTIVE_COMPILATION_CONDITIONS = DEBUG;
				SWIFT_OPTIMIZATION_LEVEL = "-Onone";
			};
			name = Debug;
		};
		74A432B0A851457DADD93DB5 /* Release */ = {
			isa = XCBuildConfiguration;
			buildSettings = {
				ALWAYS_SEARCH_USER_PATHS = NO;
				CLANG_ENABLE_MODULES = YES;
				COPY_PHASE_STRIP = NO;
				DEBUG_INFORMATION_FORMAT = "dwarf-with-dsym";
				MACOSX_DEPLOYMENT_TARGET = 13.0;
				SDKROOT = macosx;
				SWIFT_COMPILATION_MODE = wholemodule;
			};
			name = Release;
		};
		38477D8851A54E94B7377709 /* Debug */ = {
			isa = XCBuildConfiguration;
			buildSettings = {
				ASSETCATALOG_COMPILER_APPICON_NAME = "";
				CODE_SIGN_STYLE = Automatic;
				COMBINE_HIDPI_IMAGES = YES;
				CURRENT_PROJECT_VERSION = 1;
				ENABLE_HARDENED_RUNTIME = YES;
				GENERATE_INFOPLIST_FILE = NO;
				INFOPLIST_FILE = ZotifyStudio/Info.plist;
				LD_RUNPATH_SEARCH_PATHS = (
					"$(inherited)",
					"@executable_path/../Frameworks",
				);
				MARKETING_VERSION = 1.0;
				PRODUCT_BUNDLE_IDENTIFIER = com.oz.downloader;
				PRODUCT_NAME = OzDownloader;
				SWIFT_EMIT_LOC_STRINGS = YES;
				SWIFT_VERSION = 5.0;
			};
			name = Debug;
		};
		0365A23D180649D9B10F2207 /* Release */ = {
			isa = XCBuildConfiguration;
			buildSettings = {
				ASSETCATALOG_COMPILER_APPICON_NAME = "";
				CODE_SIGN_STYLE = Automatic;
				COMBINE_HIDPI_IMAGES = YES;
				CURRENT_PROJECT_VERSION = 1;
				ENABLE_HARDENED_RUNTIME = YES;
				GENERATE_INFOPLIST_FILE = NO;
				INFOPLIST_FILE = ZotifyStudio/Info.plist;
				LD_RUNPATH_SEARCH_PATHS = (
					"$(inherited)",
					"@executable_path/../Frameworks",
				);
				MARKETING_VERSION = 1.0;
				PRODUCT_BUNDLE_IDENTIFIER = com.oz.downloader;
				PRODUCT_NAME = OzDownloader;
				SWIFT_EMIT_LOC_STRINGS = YES;
				SWIFT_VERSION = 5.0;
			};
			name = Release;
		};

		1B2C5CA9B53044A4902262C3 /* Debug */ = {
			isa = XCBuildConfiguration;
			buildSettings = {
				CODE_SIGN_STYLE = Automatic;
				CURRENT_PROJECT_VERSION = 1;
				GENERATE_INFOPLIST_FILE = YES;
				MACOSX_DEPLOYMENT_TARGET = 13.0;
				MARKETING_VERSION = 1.0;
				PRODUCT_BUNDLE_IDENTIFIER = com.oz.downloader.uitests;
				PRODUCT_NAME = "$(TARGET_NAME)";
				SWIFT_EMIT_LOC_STRINGS = NO;
				SWIFT_VERSION = 5.0;
				TEST_TARGET_NAME = ZotifyStudio;
			};
			name = Debug;
		};

		7CF8D478B7E04CCBA6F3B47D /* Release */ = {
			isa = XCBuildConfiguration;
			buildSettings = {
				CODE_SIGN_STYLE = Automatic;
				CURRENT_PROJECT_VERSION = 1;
				GENERATE_INFOPLIST_FILE = YES;
				MACOSX_DEPLOYMENT_TARGET = 13.0;
				MARKETING_VERSION = 1.0;
				PRODUCT_BUNDLE_IDENTIFIER = com.oz.downloader.uitests;
				PRODUCT_NAME = "$(TARGET_NAME)";
				SWIFT_EMIT_LOC_STRINGS = NO;
				SWIFT_VERSION = 5.0;
				TEST_TARGET_NAME = ZotifyStudio;
			};
			name = Release;
		};
/* End XCBuildConfiguration section */

/* Begin XCConfigurationList section */
		96686701AD004A37A6EB4A0D /* Build configuration list for PBXProject "ZotifyStudio" */ = {
			isa = XCConfigurationList;
			buildConfigurations = (
				67DEED6AC1954BCABF8D29BB /* Debug */,
				74A432B0A851457DADD93DB5 /* Release */,
			);
			defaultConfigurationIsVisible = 0;
			defaultConfigurationName = Release;
		};
		61EBE855DAE04769917D8F02 /* Build configuration list for PBXNativeTarget "ZotifyStudio" */ = {
			isa = XCConfigurationList;
			buildConfigurations = (
				38477D8851A54E94B7377709 /* Debug */,
				0365A23D180649D9B10F2207 /* Release */,
			);
			defaultConfigurationIsVisible = 0;
			defaultConfigurationName = Release;
		};

		7562656E8C2041C48DC12A06 /* Build configuration list for PBXNativeTarget "ZotifyStudioUITests" */ = {
			isa = XCConfigurationList;
			buildConfigurations = (
				1B2C5CA9B53044A4902262C3 /* Debug */,
				7CF8D478B7E04CCBA6F3B47D /* Release */,
			);
			defaultConfigurationIsVisible = 0;
			defaultConfigurationName = Release;
		};
/* End XCConfigurationList section */
	};
	rootObject = 345BCFABDA6A4BA8B438CCBE /* Project object */;
}
